
Microsoft Visual Studio Solution File, Format Version 12.00
# Visual Studio Version 16
VisualStudioVersion = 16.0.30011.22
MinimumVisualStudioVersion = 10.0.40219.1
Project("{FAE04EC0-301F-11D3-BF4B-00C04F79EFBC}") = "TheTetris", "TheTetris\TheTetris.csproj", "{5A498476-2FEB-4286-B05F-71265D932C5D}"
EndProject
Global
	GlobalSection(SolutionConfigurationPlatforms) = preSolution
		Debug|Any CPU = Debug|Any CPU
		Release|Any CPU = Release|Any CPU
	EndGlobalSection
	GlobalSection(ProjectConfigurationPlatforms) = postSolution
		{5A498476-2FEB-4286-B05F-71265D932C5D}.Debug|Any CPU.ActiveCfg = Debug|Any CPU
		{5A498476-2FEB-4286-B05F-71265D932C5D}.Debug|Any CPU.Build.0 = Debug|Any CPU
		{5A498476-2FEB-4286-B05F-71265D932C5D}.Release|Any CPU.ActiveCfg = Release|Any CPU
		{5A498476-2FEB-4286-B05F-71265D932C5D}.Release|Any CPU.Build.0 = Release|Any CPU
	EndGlobalSection
	GlobalSection(SolutionProperties) = preSolution
		HideSolutionNode = FALSE
	EndGlobalSection
	GlobalSection(ExtensibilityGlobals) = postSolution
		SolutionGuid = {AF61F888-2534-45A3-8449-7193169BE826}
	EndGlobalSection
EndGlobal
